
Microsoft Visual Studio Solution File, Format Version 12.00
# Visual Studio Version 17
VisualStudioVersion = 17.5.33516.290
MinimumVisualStudioVersion = 10.0.40219.1
Project("{FAE04EC0-301F-11D3-BF4B-00C04F79EFBC}") = "GettingDataViaForms-Exercise-3", "GettingDataViaForms-Exercise-3.csproj", "{D79D1DFC-29F7-4DD7-B5E8-8B6A039B7912}"
EndProject
Global
	GlobalSection(SolutionConfigurationPlatforms) = preSolution
		Debug|Any CPU = Debug|Any CPU
		Release|Any CPU = Release|Any CPU
	EndGlobalSection
	GlobalSection(ProjectConfigurationPlatforms) = postSolution
		{D79D1DFC-29F7-4DD7-B5E8-8B6A039B7912}.Debug|Any CPU.ActiveCfg = Debug|Any CPU
		{D79D1DFC-29F7-4DD7-B5E8-8B6A039B7912}.Debug|Any CPU.Build.0 = Debug|Any CPU
		{D79D1DFC-29F7-4DD7-B5E8-8B6A039B7912}.Release|Any CPU.ActiveCfg = Release|Any CPU
		{D79D1DFC-29F7-4DD7-B5E8-8B6A039B7912}.Release|Any CPU.Build.0 = Release|Any CPU
	EndGlobalSection
	GlobalSection(SolutionProperties) = preSolution
		HideSolutionNode = FALSE
	EndGlobalSection
	GlobalSection(ExtensibilityGlobals) = postSolution
		SolutionGuid = {7C05D1C6-D64B-4CDB-B39C-91060B333C83}
	EndGlobalSection
EndGlobal
