
Microsoft Visual Studio Solution File, Format Version 12.00
# Visual Studio Version 17
VisualStudioVersion = 17.5.33516.290
MinimumVisualStudioVersion = 10.0.40219.1
Project("{FAE04EC0-301F-11D3-BF4B-00C04F79EFBC}") = "Views-ViewStartFile", "Views-ViewStartFile.csproj", "{EFD2557D-EB12-4359-BB15-16337D94F184}"
EndProject
Global
	GlobalSection(SolutionConfigurationPlatforms) = preSolution
		Debug|Any CPU = Debug|Any CPU
		Release|Any CPU = Release|Any CPU
	EndGlobalSection
	GlobalSection(ProjectConfigurationPlatforms) = postSolution
		{EFD2557D-EB12-4359-BB15-16337D94F184}.Debug|Any CPU.ActiveCfg = Debug|Any CPU
		{EFD2557D-EB12-4359-BB15-16337D94F184}.Debug|Any CPU.Build.0 = Debug|Any CPU
		{EFD2557D-EB12-4359-BB15-16337D94F184}.Release|Any CPU.ActiveCfg = Release|Any CPU
		{EFD2557D-EB12-4359-BB15-16337D94F184}.Release|Any CPU.Build.0 = Release|Any CPU
	EndGlobalSection
	GlobalSection(SolutionProperties) = preSolution
		HideSolutionNode = FALSE
	EndGlobalSection
	GlobalSection(ExtensibilityGlobals) = postSolution
		SolutionGuid = {3A0591B5-9BAC-40CD-8B6C-F3E1C65E0EFC}
	EndGlobalSection
EndGlobal
