
Microsoft Visual Studio Solution File, Format Version 12.00
# Visual Studio Version 17
VisualStudioVersion = 17.6.33712.159
MinimumVisualStudioVersion = 10.0.40219.1
Project("{FAE04EC0-301F-11D3-BF4B-00C04F79EFBC}") = "Model-Meta-Data-Type-Validation", "Model-Meta-Data-Type-Validation.csproj", "{E86B5D2D-562C-42CC-88D2-46E97F40E47F}"
EndProject
Global
	GlobalSection(SolutionConfigurationPlatforms) = preSolution
		Debug|Any CPU = Debug|Any CPU
		Release|Any CPU = Release|Any CPU
	EndGlobalSection
	GlobalSection(ProjectConfigurationPlatforms) = postSolution
		{E86B5D2D-562C-42CC-88D2-46E97F40E47F}.Debug|Any CPU.ActiveCfg = Debug|Any CPU
		{E86B5D2D-562C-42CC-88D2-46E97F40E47F}.Debug|Any CPU.Build.0 = Debug|Any CPU
		{E86B5D2D-562C-42CC-88D2-46E97F40E47F}.Release|Any CPU.ActiveCfg = Release|Any CPU
		{E86B5D2D-562C-42CC-88D2-46E97F40E47F}.Release|Any CPU.Build.0 = Release|Any CPU
	EndGlobalSection
	GlobalSection(SolutionProperties) = preSolution
		HideSolutionNode = FALSE
	EndGlobalSection
	GlobalSection(ExtensibilityGlobals) = postSolution
		SolutionGuid = {C66AF980-9B6D-41C6-B500-98D3E58D87F4}
	EndGlobalSection
EndGlobal
