
Microsoft Visual Studio Solution File, Format Version 12.00
# Visual Studio Version 17
VisualStudioVersion = 17.5.33516.290
MinimumVisualStudioVersion = 10.0.40219.1
Project("{FAE04EC0-301F-11D3-BF4B-00C04F79EFBC}") = "CodeFirst-Data-Annotations", "CodeFirst-Data-Annotations.csproj", "{CDFDEE6F-7993-42C9-8705-38591614DB4A}"
EndProject
Global
	GlobalSection(SolutionConfigurationPlatforms) = preSolution
		Debug|Any CPU = Debug|Any CPU
		Release|Any CPU = Release|Any CPU
	EndGlobalSection
	GlobalSection(ProjectConfigurationPlatforms) = postSolution
		{CDFDEE6F-7993-42C9-8705-38591614DB4A}.Debug|Any CPU.ActiveCfg = Debug|Any CPU
		{CDFDEE6F-7993-42C9-8705-38591614DB4A}.Debug|Any CPU.Build.0 = Debug|Any CPU
		{CDFDEE6F-7993-42C9-8705-38591614DB4A}.Release|Any CPU.ActiveCfg = Release|Any CPU
		{CDFDEE6F-7993-42C9-8705-38591614DB4A}.Release|Any CPU.Build.0 = Release|Any CPU
	EndGlobalSection
	GlobalSection(SolutionProperties) = preSolution
		HideSolutionNode = FALSE
	EndGlobalSection
	GlobalSection(ExtensibilityGlobals) = postSolution
		SolutionGuid = {D9510DC3-B722-47B6-9B73-830D4D9D6C34}
	EndGlobalSection
EndGlobal
