
Microsoft Visual Studio Solution File, Format Version 12.00
# Visual Studio Version 17
VisualStudioVersion = 17.5.33516.290
MinimumVisualStudioVersion = 10.0.40219.1
Project("{FAE04EC0-301F-11D3-BF4B-00C04F79EFBC}") = "CodeFirst-Define-Relations-Between-Table", "CodeFirst-Define-Relations-Between-Table.csproj", "{50B1B2BA-E71C-4B9A-8747-06B9059561E0}"
EndProject
Global
	GlobalSection(SolutionConfigurationPlatforms) = preSolution
		Debug|Any CPU = Debug|Any CPU
		Release|Any CPU = Release|Any CPU
	EndGlobalSection
	GlobalSection(ProjectConfigurationPlatforms) = postSolution
		{50B1B2BA-E71C-4B9A-8747-06B9059561E0}.Debug|Any CPU.ActiveCfg = Debug|Any CPU
		{50B1B2BA-E71C-4B9A-8747-06B9059561E0}.Debug|Any CPU.Build.0 = Debug|Any CPU
		{50B1B2BA-E71C-4B9A-8747-06B9059561E0}.Release|Any CPU.ActiveCfg = Release|Any CPU
		{50B1B2BA-E71C-4B9A-8747-06B9059561E0}.Release|Any CPU.Build.0 = Release|Any CPU
	EndGlobalSection
	GlobalSection(SolutionProperties) = preSolution
		HideSolutionNode = FALSE
	EndGlobalSection
	GlobalSection(ExtensibilityGlobals) = postSolution
		SolutionGuid = {903DD847-4BE6-4D8A-9726-A7B12DE94F79}
	EndGlobalSection
EndGlobal
