
Microsoft Visual Studio Solution File, Format Version 12.00
# Visual Studio Version 17
VisualStudioVersion = 17.6.33712.159
MinimumVisualStudioVersion = 10.0.40219.1
Project("{FAE04EC0-301F-11D3-BF4B-00C04F79EFBC}") = "Directory.DAL", "Directory.DAL\Directory.DAL.csproj", "{4D269D01-10E1-46F8-9C96-01999E574952}"
EndProject
Project("{FAE04EC0-301F-11D3-BF4B-00C04F79EFBC}") = "Directory.BLL", "Directory.BLL\Directory.BLL.csproj", "{ED6F9E2D-D7CD-4CFF-AE3F-5BBD28D4472A}"
EndProject
Project("{FAE04EC0-301F-11D3-BF4B-00C04F79EFBC}") = "Directory.UI", "Directory.UI\Directory.UI.csproj", "{D6C68C4C-E7C5-4190-AC3A-4BB9987C4033}"
EndProject
Project("{FAE04EC0-301F-11D3-BF4B-00C04F79EFBC}") = "Directory.MODEL", "Directory.MODEL\Directory.MODEL.csproj", "{C6C956D1-1652-4B23-A0A0-4E306CE3FBF9}"
EndProject
Project("{FAE04EC0-301F-11D3-BF4B-00C04F79EFBC}") = "Directory.MAP", "Directory.MAP\Directory.MAP.csproj", "{039CECE1-4CD3-4062-99E6-F656BA0EE798}"
EndProject
Global
	GlobalSection(SolutionConfigurationPlatforms) = preSolution
		Debug|Any CPU = Debug|Any CPU
		Release|Any CPU = Release|Any CPU
	EndGlobalSection
	GlobalSection(ProjectConfigurationPlatforms) = postSolution
		{4D269D01-10E1-46F8-9C96-01999E574952}.Debug|Any CPU.ActiveCfg = Debug|Any CPU
		{4D269D01-10E1-46F8-9C96-01999E574952}.Debug|Any CPU.Build.0 = Debug|Any CPU
		{4D269D01-10E1-46F8-9C96-01999E574952}.Release|Any CPU.ActiveCfg = Release|Any CPU
		{4D269D01-10E1-46F8-9C96-01999E574952}.Release|Any CPU.Build.0 = Release|Any CPU
		{ED6F9E2D-D7CD-4CFF-AE3F-5BBD28D4472A}.Debug|Any CPU.ActiveCfg = Debug|Any CPU
		{ED6F9E2D-D7CD-4CFF-AE3F-5BBD28D4472A}.Debug|Any CPU.Build.0 = Debug|Any CPU
		{ED6F9E2D-D7CD-4CFF-AE3F-5BBD28D4472A}.Release|Any CPU.ActiveCfg = Release|Any CPU
		{ED6F9E2D-D7CD-4CFF-AE3F-5BBD28D4472A}.Release|Any CPU.Build.0 = Release|Any CPU
		{D6C68C4C-E7C5-4190-AC3A-4BB9987C4033}.Debug|Any CPU.ActiveCfg = Debug|Any CPU
		{D6C68C4C-E7C5-4190-AC3A-4BB9987C4033}.Debug|Any CPU.Build.0 = Debug|Any CPU
		{D6C68C4C-E7C5-4190-AC3A-4BB9987C4033}.Release|Any CPU.ActiveCfg = Release|Any CPU
		{D6C68C4C-E7C5-4190-AC3A-4BB9987C4033}.Release|Any CPU.Build.0 = Release|Any CPU
		{C6C956D1-1652-4B23-A0A0-4E306CE3FBF9}.Debug|Any CPU.ActiveCfg = Debug|Any CPU
		{C6C956D1-1652-4B23-A0A0-4E306CE3FBF9}.Debug|Any CPU.Build.0 = Debug|Any CPU
		{C6C956D1-1652-4B23-A0A0-4E306CE3FBF9}.Release|Any CPU.ActiveCfg = Release|Any CPU
		{C6C956D1-1652-4B23-A0A0-4E306CE3FBF9}.Release|Any CPU.Build.0 = Release|Any CPU
		{039CECE1-4CD3-4062-99E6-F656BA0EE798}.Debug|Any CPU.ActiveCfg = Debug|Any CPU
		{039CECE1-4CD3-4062-99E6-F656BA0EE798}.Debug|Any CPU.Build.0 = Debug|Any CPU
		{039CECE1-4CD3-4062-99E6-F656BA0EE798}.Release|Any CPU.ActiveCfg = Release|Any CPU
		{039CECE1-4CD3-4062-99E6-F656BA0EE798}.Release|Any CPU.Build.0 = Release|Any CPU
	EndGlobalSection
	GlobalSection(SolutionProperties) = preSolution
		HideSolutionNode = FALSE
	EndGlobalSection
	GlobalSection(ExtensibilityGlobals) = postSolution
		SolutionGuid = {572B89E5-73FC-4F60-B1AF-08505C697A56}
	EndGlobalSection
EndGlobal
