
Microsoft Visual Studio Solution File, Format Version 12.00
# Visual Studio Version 17
VisualStudioVersion = 17.5.33516.290
MinimumVisualStudioVersion = 10.0.40219.1
Project("{FAE04EC0-301F-11D3-BF4B-00C04F79EFBC}") = "PassingDataUsingViewBag", "PassingDataUsingViewBag.csproj", "{676F70F7-5C08-4209-8F35-B5F5C062525C}"
EndProject
Global
	GlobalSection(SolutionConfigurationPlatforms) = preSolution
		Debug|Any CPU = Debug|Any CPU
		Release|Any CPU = Release|Any CPU
	EndGlobalSection
	GlobalSection(ProjectConfigurationPlatforms) = postSolution
		{676F70F7-5C08-4209-8F35-B5F5C062525C}.Debug|Any CPU.ActiveCfg = Debug|Any CPU
		{676F70F7-5C08-4209-8F35-B5F5C062525C}.Debug|Any CPU.Build.0 = Debug|Any CPU
		{676F70F7-5C08-4209-8F35-B5F5C062525C}.Release|Any CPU.ActiveCfg = Release|Any CPU
		{676F70F7-5C08-4209-8F35-B5F5C062525C}.Release|Any CPU.Build.0 = Release|Any CPU
	EndGlobalSection
	GlobalSection(SolutionProperties) = preSolution
		HideSolutionNode = FALSE
	EndGlobalSection
	GlobalSection(ExtensibilityGlobals) = postSolution
		SolutionGuid = {E5911514-B1C7-4784-8D2D-5D7EF7A6866C}
	EndGlobalSection
EndGlobal
