
Microsoft Visual Studio Solution File, Format Version 12.00
# Visual Studio Version 17
VisualStudioVersion = 17.5.33516.290
MinimumVisualStudioVersion = 10.0.40219.1
Project("{FAE04EC0-301F-11D3-BF4B-00C04F79EFBC}") = "Views-PartialView", "Views-PartialView.csproj", "{DEBDCC3B-E1B9-412E-8F0A-D01DB0952372}"
EndProject
Global
	GlobalSection(SolutionConfigurationPlatforms) = preSolution
		Debug|Any CPU = Debug|Any CPU
		Release|Any CPU = Release|Any CPU
	EndGlobalSection
	GlobalSection(ProjectConfigurationPlatforms) = postSolution
		{DEBDCC3B-E1B9-412E-8F0A-D01DB0952372}.Debug|Any CPU.ActiveCfg = Debug|Any CPU
		{DEBDCC3B-E1B9-412E-8F0A-D01DB0952372}.Debug|Any CPU.Build.0 = Debug|Any CPU
		{DEBDCC3B-E1B9-412E-8F0A-D01DB0952372}.Release|Any CPU.ActiveCfg = Release|Any CPU
		{DEBDCC3B-E1B9-412E-8F0A-D01DB0952372}.Release|Any CPU.Build.0 = Release|Any CPU
	EndGlobalSection
	GlobalSection(SolutionProperties) = preSolution
		HideSolutionNode = FALSE
	EndGlobalSection
	GlobalSection(ExtensibilityGlobals) = postSolution
		SolutionGuid = {F55115F4-AF9F-4DB6-926B-FA6B43EC13B0}
	EndGlobalSection
EndGlobal
