
Microsoft Visual Studio Solution File, Format Version 12.00
# Visual Studio Version 17
VisualStudioVersion = 17.5.33516.290
MinimumVisualStudioVersion = 10.0.40219.1
Project("{FAE04EC0-301F-11D3-BF4B-00C04F79EFBC}") = "GettingDataViaForms-ShowModelDataOnForm", "GettingDataViaForms-ShowModelDataOnForm.csproj", "{098191F9-73F7-40B2-9B22-89116D4A6EB6}"
EndProject
Global
	GlobalSection(SolutionConfigurationPlatforms) = preSolution
		Debug|Any CPU = Debug|Any CPU
		Release|Any CPU = Release|Any CPU
	EndGlobalSection
	GlobalSection(ProjectConfigurationPlatforms) = postSolution
		{098191F9-73F7-40B2-9B22-89116D4A6EB6}.Debug|Any CPU.ActiveCfg = Debug|Any CPU
		{098191F9-73F7-40B2-9B22-89116D4A6EB6}.Debug|Any CPU.Build.0 = Debug|Any CPU
		{098191F9-73F7-40B2-9B22-89116D4A6EB6}.Release|Any CPU.ActiveCfg = Release|Any CPU
		{098191F9-73F7-40B2-9B22-89116D4A6EB6}.Release|Any CPU.Build.0 = Release|Any CPU
	EndGlobalSection
	GlobalSection(SolutionProperties) = preSolution
		HideSolutionNode = FALSE
	EndGlobalSection
	GlobalSection(ExtensibilityGlobals) = postSolution
		SolutionGuid = {EBF9DBD0-A2F0-4772-9BE9-6B2272321FDD}
	EndGlobalSection
EndGlobal
