
Microsoft Visual Studio Solution File, Format Version 12.00
# Visual Studio Version 17
VisualStudioVersion = 17.5.33516.290
MinimumVisualStudioVersion = 10.0.40219.1
Project("{FAE04EC0-301F-11D3-BF4B-00C04F79EFBC}") = "IocContainer-Logging-Text-File", "IocContainer-Logging-Text-File.csproj", "{72DD2B61-81BB-4F81-BF44-17885AC53DBC}"
EndProject
Global
	GlobalSection(SolutionConfigurationPlatforms) = preSolution
		Debug|Any CPU = Debug|Any CPU
		Release|Any CPU = Release|Any CPU
	EndGlobalSection
	GlobalSection(ProjectConfigurationPlatforms) = postSolution
		{72DD2B61-81BB-4F81-BF44-17885AC53DBC}.Debug|Any CPU.ActiveCfg = Debug|Any CPU
		{72DD2B61-81BB-4F81-BF44-17885AC53DBC}.Debug|Any CPU.Build.0 = Debug|Any CPU
		{72DD2B61-81BB-4F81-BF44-17885AC53DBC}.Release|Any CPU.ActiveCfg = Release|Any CPU
		{72DD2B61-81BB-4F81-BF44-17885AC53DBC}.Release|Any CPU.Build.0 = Release|Any CPU
	EndGlobalSection
	GlobalSection(SolutionProperties) = preSolution
		HideSolutionNode = FALSE
	EndGlobalSection
	GlobalSection(ExtensibilityGlobals) = postSolution
		SolutionGuid = {5DB49448-0EC5-4934-B94F-F12374CEB8A4}
	EndGlobalSection
EndGlobal
