
Microsoft Visual Studio Solution File, Format Version 12.00
# Visual Studio Version 17
VisualStudioVersion = 17.5.33516.290
MinimumVisualStudioVersion = 10.0.40219.1
Project("{FAE04EC0-301F-11D3-BF4B-00C04F79EFBC}") = "CodeFirst-Migration", "CodeFirst-Migration.csproj", "{D0B1A5CC-CD20-4708-9481-B12BFDC50BB1}"
EndProject
Global
	GlobalSection(SolutionConfigurationPlatforms) = preSolution
		Debug|Any CPU = Debug|Any CPU
		Release|Any CPU = Release|Any CPU
	EndGlobalSection
	GlobalSection(ProjectConfigurationPlatforms) = postSolution
		{D0B1A5CC-CD20-4708-9481-B12BFDC50BB1}.Debug|Any CPU.ActiveCfg = Debug|Any CPU
		{D0B1A5CC-CD20-4708-9481-B12BFDC50BB1}.Debug|Any CPU.Build.0 = Debug|Any CPU
		{D0B1A5CC-CD20-4708-9481-B12BFDC50BB1}.Release|Any CPU.ActiveCfg = Release|Any CPU
		{D0B1A5CC-CD20-4708-9481-B12BFDC50BB1}.Release|Any CPU.Build.0 = Release|Any CPU
	EndGlobalSection
	GlobalSection(SolutionProperties) = preSolution
		HideSolutionNode = FALSE
	EndGlobalSection
	GlobalSection(ExtensibilityGlobals) = postSolution
		SolutionGuid = {C4A25AE6-461D-44B0-BD18-CFF78A6982BD}
	EndGlobalSection
EndGlobal
