
Microsoft Visual Studio Solution File, Format Version 12.00
# Visual Studio Version 17
VisualStudioVersion = 17.5.33516.290
MinimumVisualStudioVersion = 10.0.40219.1
Project("{FAE04EC0-301F-11D3-BF4B-00C04F79EFBC}") = "GettingDataViaForms-UsingTagHelpers", "GettingDataViaForms-UsingTagHelpers.csproj", "{685A53E2-B4D4-4116-954C-6A423BE33A0C}"
EndProject
Global
	GlobalSection(SolutionConfigurationPlatforms) = preSolution
		Debug|Any CPU = Debug|Any CPU
		Release|Any CPU = Release|Any CPU
	EndGlobalSection
	GlobalSection(ProjectConfigurationPlatforms) = postSolution
		{685A53E2-B4D4-4116-954C-6A423BE33A0C}.Debug|Any CPU.ActiveCfg = Debug|Any CPU
		{685A53E2-B4D4-4116-954C-6A423BE33A0C}.Debug|Any CPU.Build.0 = Debug|Any CPU
		{685A53E2-B4D4-4116-954C-6A423BE33A0C}.Release|Any CPU.ActiveCfg = Release|Any CPU
		{685A53E2-B4D4-4116-954C-6A423BE33A0C}.Release|Any CPU.Build.0 = Release|Any CPU
	EndGlobalSection
	GlobalSection(SolutionProperties) = preSolution
		HideSolutionNode = FALSE
	EndGlobalSection
	GlobalSection(ExtensibilityGlobals) = postSolution
		SolutionGuid = {F70E52E5-D2DC-4C44-8A21-0969C75EB15B}
	EndGlobalSection
EndGlobal
