
Microsoft Visual Studio Solution File, Format Version 12.00
# Visual Studio Version 17
VisualStudioVersion = 17.5.33516.290
MinimumVisualStudioVersion = 10.0.40219.1
Project("{FAE04EC0-301F-11D3-BF4B-00C04F79EFBC}") = "LayoutUsage-RenderSectionMethod", "LayoutUsage-RenderSectionMethod.csproj", "{9F6BF69F-078B-4DF7-BB75-5707F3533696}"
EndProject
Global
	GlobalSection(SolutionConfigurationPlatforms) = preSolution
		Debug|Any CPU = Debug|Any CPU
		Release|Any CPU = Release|Any CPU
	EndGlobalSection
	GlobalSection(ProjectConfigurationPlatforms) = postSolution
		{9F6BF69F-078B-4DF7-BB75-5707F3533696}.Debug|Any CPU.ActiveCfg = Debug|Any CPU
		{9F6BF69F-078B-4DF7-BB75-5707F3533696}.Debug|Any CPU.Build.0 = Debug|Any CPU
		{9F6BF69F-078B-4DF7-BB75-5707F3533696}.Release|Any CPU.ActiveCfg = Release|Any CPU
		{9F6BF69F-078B-4DF7-BB75-5707F3533696}.Release|Any CPU.Build.0 = Release|Any CPU
	EndGlobalSection
	GlobalSection(SolutionProperties) = preSolution
		HideSolutionNode = FALSE
	EndGlobalSection
	GlobalSection(ExtensibilityGlobals) = postSolution
		SolutionGuid = {041FFE77-67B7-4947-935A-073A715E884A}
	EndGlobalSection
EndGlobal
