
Microsoft Visual Studio Solution File, Format Version 12.00
# Visual Studio Version 17
VisualStudioVersion = 17.5.33516.290
MinimumVisualStudioVersion = 10.0.40219.1
Project("{9A19103F-16F7-4668-BE54-9A1E7A4F7556}") = "PassingSingleData", "PassingSingleData.csproj", "{B14D84B8-196E-4DDB-B583-4B420CDE8F47}"
EndProject
Global
	GlobalSection(SolutionConfigurationPlatforms) = preSolution
		Debug|Any CPU = Debug|Any CPU
		Release|Any CPU = Release|Any CPU
	EndGlobalSection
	GlobalSection(ProjectConfigurationPlatforms) = postSolution
		{B14D84B8-196E-4DDB-B583-4B420CDE8F47}.Debug|Any CPU.ActiveCfg = Debug|Any CPU
		{B14D84B8-196E-4DDB-B583-4B420CDE8F47}.Debug|Any CPU.Build.0 = Debug|Any CPU
		{B14D84B8-196E-4DDB-B583-4B420CDE8F47}.Release|Any CPU.ActiveCfg = Release|Any CPU
		{B14D84B8-196E-4DDB-B583-4B420CDE8F47}.Release|Any CPU.Build.0 = Release|Any CPU
	EndGlobalSection
	GlobalSection(SolutionProperties) = preSolution
		HideSolutionNode = FALSE
	EndGlobalSection
	GlobalSection(ExtensibilityGlobals) = postSolution
		SolutionGuid = {64057814-22E6-4DB5-96EB-2656CB186198}
	EndGlobalSection
EndGlobal
