
Microsoft Visual Studio Solution File, Format Version 12.00
# Visual Studio Version 17
VisualStudioVersion = 17.5.33516.290
MinimumVisualStudioVersion = 10.0.40219.1
Project("{FAE04EC0-301F-11D3-BF4B-00C04F79EFBC}") = "CodeFirst-Migration-Exercise", "CodeFirst-Migration-Exercise.csproj", "{D387BD30-D830-4AE6-97E0-6942D5FDA8A1}"
EndProject
Global
	GlobalSection(SolutionConfigurationPlatforms) = preSolution
		Debug|Any CPU = Debug|Any CPU
		Release|Any CPU = Release|Any CPU
	EndGlobalSection
	GlobalSection(ProjectConfigurationPlatforms) = postSolution
		{D387BD30-D830-4AE6-97E0-6942D5FDA8A1}.Debug|Any CPU.ActiveCfg = Debug|Any CPU
		{D387BD30-D830-4AE6-97E0-6942D5FDA8A1}.Debug|Any CPU.Build.0 = Debug|Any CPU
		{D387BD30-D830-4AE6-97E0-6942D5FDA8A1}.Release|Any CPU.ActiveCfg = Release|Any CPU
		{D387BD30-D830-4AE6-97E0-6942D5FDA8A1}.Release|Any CPU.Build.0 = Release|Any CPU
	EndGlobalSection
	GlobalSection(SolutionProperties) = preSolution
		HideSolutionNode = FALSE
	EndGlobalSection
	GlobalSection(ExtensibilityGlobals) = postSolution
		SolutionGuid = {92379AD2-D4F6-4957-A5B7-9FDD614197CC}
	EndGlobalSection
EndGlobal
