
Microsoft Visual Studio Solution File, Format Version 12.00
# Visual Studio Version 17
VisualStudioVersion = 17.5.33516.290
MinimumVisualStudioVersion = 10.0.40219.1
Project("{FAE04EC0-301F-11D3-BF4B-00C04F79EFBC}") = "GettingDataViaForms-Exercise-2", "GettingDataViaForms-Exercise-2.csproj", "{77B83DE9-5201-41A4-8892-AEB8BDF27DC0}"
EndProject
Global
	GlobalSection(SolutionConfigurationPlatforms) = preSolution
		Debug|Any CPU = Debug|Any CPU
		Release|Any CPU = Release|Any CPU
	EndGlobalSection
	GlobalSection(ProjectConfigurationPlatforms) = postSolution
		{77B83DE9-5201-41A4-8892-AEB8BDF27DC0}.Debug|Any CPU.ActiveCfg = Debug|Any CPU
		{77B83DE9-5201-41A4-8892-AEB8BDF27DC0}.Debug|Any CPU.Build.0 = Debug|Any CPU
		{77B83DE9-5201-41A4-8892-AEB8BDF27DC0}.Release|Any CPU.ActiveCfg = Release|Any CPU
		{77B83DE9-5201-41A4-8892-AEB8BDF27DC0}.Release|Any CPU.Build.0 = Release|Any CPU
	EndGlobalSection
	GlobalSection(SolutionProperties) = preSolution
		HideSolutionNode = FALSE
	EndGlobalSection
	GlobalSection(ExtensibilityGlobals) = postSolution
		SolutionGuid = {D08E65A9-049F-4276-BEB3-F5C168738455}
	EndGlobalSection
EndGlobal
