
Microsoft Visual Studio Solution File, Format Version 12.00
# Visual Studio Version 17
VisualStudioVersion = 17.5.33516.290
MinimumVisualStudioVersion = 10.0.40219.1
Project("{FAE04EC0-301F-11D3-BF4B-00C04F79EFBC}") = "LayoutUsage-RenderBodyMethod", "LayoutUsage-RenderBodyMethod.csproj", "{2B3E5ECD-A4A6-4808-906F-D09704B43EC8}"
EndProject
Global
	GlobalSection(SolutionConfigurationPlatforms) = preSolution
		Debug|Any CPU = Debug|Any CPU
		Release|Any CPU = Release|Any CPU
	EndGlobalSection
	GlobalSection(ProjectConfigurationPlatforms) = postSolution
		{2B3E5ECD-A4A6-4808-906F-D09704B43EC8}.Debug|Any CPU.ActiveCfg = Debug|Any CPU
		{2B3E5ECD-A4A6-4808-906F-D09704B43EC8}.Debug|Any CPU.Build.0 = Debug|Any CPU
		{2B3E5ECD-A4A6-4808-906F-D09704B43EC8}.Release|Any CPU.ActiveCfg = Release|Any CPU
		{2B3E5ECD-A4A6-4808-906F-D09704B43EC8}.Release|Any CPU.Build.0 = Release|Any CPU
	EndGlobalSection
	GlobalSection(SolutionProperties) = preSolution
		HideSolutionNode = FALSE
	EndGlobalSection
	GlobalSection(ExtensibilityGlobals) = postSolution
		SolutionGuid = {3E8E7962-EE02-459A-80CB-0F08E50D3D47}
	EndGlobalSection
EndGlobal
