
Microsoft Visual Studio Solution File, Format Version 12.00
# Visual Studio Version 17
VisualStudioVersion = 17.5.33516.290
MinimumVisualStudioVersion = 10.0.40219.1
Project("{FAE04EC0-301F-11D3-BF4B-00C04F79EFBC}") = "DB-First", "DB-First.csproj", "{A12F23D5-F073-474F-8078-353A4AF192CF}"
EndProject
Global
	GlobalSection(SolutionConfigurationPlatforms) = preSolution
		Debug|Any CPU = Debug|Any CPU
		Release|Any CPU = Release|Any CPU
	EndGlobalSection
	GlobalSection(ProjectConfigurationPlatforms) = postSolution
		{A12F23D5-F073-474F-8078-353A4AF192CF}.Debug|Any CPU.ActiveCfg = Debug|Any CPU
		{A12F23D5-F073-474F-8078-353A4AF192CF}.Debug|Any CPU.Build.0 = Debug|Any CPU
		{A12F23D5-F073-474F-8078-353A4AF192CF}.Release|Any CPU.ActiveCfg = Release|Any CPU
		{A12F23D5-F073-474F-8078-353A4AF192CF}.Release|Any CPU.Build.0 = Release|Any CPU
	EndGlobalSection
	GlobalSection(SolutionProperties) = preSolution
		HideSolutionNode = FALSE
	EndGlobalSection
	GlobalSection(ExtensibilityGlobals) = postSolution
		SolutionGuid = {9C5A0CB2-9756-4A46-8929-014BD2F7B627}
	EndGlobalSection
EndGlobal
